
Microsoft Visual Studio Solution File, Format Version 12.00
# Visual Studio Version 17
VisualStudioVersion = 17.3.32819.101
MinimumVisualStudioVersion = 10.0.40219.1
Project("{FAE04EC0-301F-11D3-BF4B-00C04F79EFBC}") = "FixedAssetOm", "FixedAssetOm\FixedAssetOm.csproj", "{DE3162AC-271F-4978-A151-9029945FD451}"
EndProject
Global
	GlobalSection(SolutionConfigurationPlatforms) = preSolution
		Debug|Any CPU = Debug|Any CPU
		Release|Any CPU = Release|Any CPU
	EndGlobalSection
	GlobalSection(ProjectConfigurationPlatforms) = postSolution
		{DE3162AC-271F-4978-A151-9029945FD451}.Debug|Any CPU.ActiveCfg = Debug|Any CPU
		{DE3162AC-271F-4978-A151-9029945FD451}.Debug|Any CPU.Build.0 = Debug|Any CPU
		{DE3162AC-271F-4978-A151-9029945FD451}.Release|Any CPU.ActiveCfg = Release|Any CPU
		{DE3162AC-271F-4978-A151-9029945FD451}.Release|Any CPU.Build.0 = Release|Any CPU
	EndGlobalSection
	GlobalSection(SolutionProperties) = preSolution
		HideSolutionNode = FALSE
	EndGlobalSection
	GlobalSection(ExtensibilityGlobals) = postSolution
		SolutionGuid = {E0A49742-C4A3-4FEB-9B56-A39D52FE332A}
	EndGlobalSection
EndGlobal
